// !$*UTF8*$!
{
	archiveVersion = 1;
	classes = {
	};
	objectVersion = 56;
	objects = {

/* Begin PBXBuildFile section */
		A878EDC12976784C004AFC18 /* MockData.swift in Sources */ = {isa = PBXBuildFile; fileRef = A878EDC02976784C004AFC18 /* MockData.swift */; };
		A8B48A1129753CB700758143 /* NetworkManager.swift in Sources */ = {isa = PBXBuildFile; fileRef = A8B48A1029753CB700758143 /* NetworkManager.swift */; };
		A8B48A1229753CBC00758143 /* NetworkManager.swift in Sources */ = {isa = PBXBuildFile; fileRef = A8B48A1029753CB700758143 /* NetworkManager.swift */; };
		A8B48A1429754AD500758143 /* RepoMediumView.swift in Sources */ = {isa = PBXBuildFile; fileRef = A8B48A1329754AD500758143 /* RepoMediumView.swift */; };
		A8B71D5E2972890D0076F5B9 /* RepoWatcherApp.swift in Sources */ = {isa = PBXBuildFile; fileRef = A8B71D5D2972890D0076F5B9 /* RepoWatcherApp.swift */; };
		A8B71D602972890D0076F5B9 /* ContentView.swift in Sources */ = {isa = PBXBuildFile; fileRef = A8B71D5F2972890D0076F5B9 /* ContentView.swift */; };
		A8B71D62297289100076F5B9 /* Assets.xcassets in Resources */ = {isa = PBXBuildFile; fileRef = A8B71D61297289100076F5B9 /* Assets.xcassets */; };
		A8B71D65297289100076F5B9 /* Preview Assets.xcassets in Resources */ = {isa = PBXBuildFile; fileRef = A8B71D64297289100076F5B9 /* Preview Assets.xcassets */; };
		A8B71D72297289880076F5B9 /* WidgetKit.framework in Frameworks */ = {isa = PBXBuildFile; fileRef = A8B71D71297289880076F5B9 /* WidgetKit.framework */; };
		A8B71D74297289880076F5B9 /* SwiftUI.framework in Frameworks */ = {isa = PBXBuildFile; fileRef = A8B71D73297289880076F5B9 /* SwiftUI.framework */; };
		A8B71D77297289880076F5B9 /* RepoWatcherWidgetBundle.swift in Sources */ = {isa = PBXBuildFile; fileRef = A8B71D76297289880076F5B9 /* RepoWatcherWidgetBundle.swift */; };
		A8B71D79297289880076F5B9 /* RepoWatcherWidget.swift in Sources */ = {isa = PBXBuildFile; fileRef = A8B71D78297289880076F5B9 /* RepoWatcherWidget.swift */; };
		A8B71D7B2972898C0076F5B9 /* Assets.xcassets in Resources */ = {isa = PBXBuildFile; fileRef = A8B71D7A2972898C0076F5B9 /* Assets.xcassets */; };
		A8B71D7F2972898C0076F5B9 /* RepoWatcherWidgetExtension.appex in Embed Foundation Extensions */ = {isa = PBXBuildFile; fileRef = A8B71D6F297289880076F5B9 /* RepoWatcherWidgetExtension.appex */; settings = {ATTRIBUTES = (RemoveHeadersOnCopy, ); }; };
		A8B71D852972912F0076F5B9 /* Repository.swift in Sources */ = {isa = PBXBuildFile; fileRef = A8B71D842972912F0076F5B9 /* Repository.swift */; };
		A8B71D87297293D10076F5B9 /* Repository.swift in Sources */ = {isa = PBXBuildFile; fileRef = A8B71D842972912F0076F5B9 /* Repository.swift */; };
/* End PBXBuildFile section */

/* Begin PBXContainerItemProxy section */
		A8B71D7D2972898C0076F5B9 /* PBXContainerItemProxy */ = {
			isa = PBXContainerItemProxy;
			containerPortal = A8B71D522972890D0076F5B9 /* Project object */;
			proxyType = 1;
			remoteGlobalIDString = A8B71D6E297289880076F5B9;
			remoteInfo = RepoWatcherWidgetExtension;
		};
/* End PBXContainerItemProxy section */

/* Begin PBXCopyFilesBuildPhase section */
		A8B71D832972898C0076F5B9 /* Embed Foundation Extensions */ = {
			isa = PBXCopyFilesBuildPhase;
			buildActionMask = 2147483647;
			dstPath = "";
			dstSubfolderSpec = 13;
			files = (
				A8B71D7F2972898C0076F5B9 /* RepoWatcherWidgetExtension.appex in Embed Foundation Extensions */,
			);
			name = "Embed Foundation Extensions";
			runOnlyForDeploymentPostprocessing = 0;
		};
/* End PBXCopyFilesBuildPhase section */

/* Begin PBXFileReference section */
		A878EDC02976784C004AFC18 /* MockData.swift */ = {isa = PBXFileReference; lastKnownFileType = sourcecode.swift; path = MockData.swift; sourceTree = "<group>"; };
		A8B48A1029753CB700758143 /* NetworkManager.swift */ = {isa = PBXFileReference; lastKnownFileType = sourcecode.swift; path = NetworkManager.swift; sourceTree = "<group>"; };
		A8B48A1329754AD500758143 /* RepoMediumView.swift */ = {isa = PBXFileReference; lastKnownFileType = sourcecode.swift; path = RepoMediumView.swift; sourceTree = "<group>"; };
		A8B71D5A2972890D0076F5B9 /* RepoWatcher.app */ = {isa = PBXFileReference; explicitFileType = wrapper.application; includeInIndex = 0; path = RepoWatcher.app; sourceTree = BUILT_PRODUCTS_DIR; };
		A8B71D5D2972890D0076F5B9 /* RepoWatcherApp.swift */ = {isa = PBXFileReference; lastKnownFileType = sourcecode.swift; path = RepoWatcherApp.swift; sourceTree = "<group>"; };
		A8B71D5F2972890D0076F5B9 /* ContentView.swift */ = {isa = PBXFileReference; lastKnownFileType = sourcecode.swift; path = ContentView.swift; sourceTree = "<group>"; };
		A8B71D61297289100076F5B9 /* Assets.xcassets */ = {isa = PBXFileReference; lastKnownFileType = folder.assetcatalog; path = Assets.xcassets; sourceTree = "<group>"; };
		A8B71D64297289100076F5B9 /* Preview Assets.xcassets */ = {isa = PBXFileReference; lastKnownFileType = folder.assetcatalog; path = "Preview Assets.xcassets"; sourceTree = "<group>"; };
		A8B71D6F297289880076F5B9 /* RepoWatcherWidgetExtension.appex */ = {isa = PBXFileReference; explicitFileType = "wrapper.app-extension"; includeInIndex = 0; path = RepoWatcherWidgetExtension.appex; sourceTree = BUILT_PRODUCTS_DIR; };
		A8B71D71297289880076F5B9 /* WidgetKit.framework */ = {isa = PBXFileReference; lastKnownFileType = wrapper.framework; name = WidgetKit.framework; path = System/Library/Frameworks/WidgetKit.framework; sourceTree = SDKROOT; };
		A8B71D73297289880076F5B9 /* SwiftUI.framework */ = {isa = PBXFileReference; lastKnownFileType = wrapper.framework; name = SwiftUI.framework; path = System/Library/Frameworks/SwiftUI.framework; sourceTree = SDKROOT; };
		A8B71D76297289880076F5B9 /* RepoWatcherWidgetBundle.swift */ = {isa = PBXFileReference; lastKnownFileType = sourcecode.swift; path = RepoWatcherWidgetBundle.swift; sourceTree = "<group>"; };
		A8B71D78297289880076F5B9 /* RepoWatcherWidget.swift */ = {isa = PBXFileReference; lastKnownFileType = sourcecode.swift; path = RepoWatcherWidget.swift; sourceTree = "<group>"; };
		A8B71D7A2972898C0076F5B9 /* Assets.xcassets */ = {isa = PBXFileReference; lastKnownFileType = folder.assetcatalog; path = Assets.xcassets; sourceTree = "<group>"; };
		A8B71D7C2972898C0076F5B9 /* Info.plist */ = {isa = PBXFileReference; lastKnownFileType = text.plist.xml; path = Info.plist; sourceTree = "<group>"; };
		A8B71D842972912F0076F5B9 /* Repository.swift */ = {isa = PBXFileReference; lastKnownFileType = sourcecode.swift; path = Repository.swift; sourceTree = "<group>"; };
/* End PBXFileReference section */

/* Begin PBXFrameworksBuildPhase section */
		A8B71D572972890D0076F5B9 /* Frameworks */ = {
			isa = PBXFrameworksBuildPhase;
			buildActionMask = 2147483647;
			files = (
			);
			runOnlyForDeploymentPostprocessing = 0;
		};
		A8B71D6C297289880076F5B9 /* Frameworks */ = {
			isa = PBXFrameworksBuildPhase;
			buildActionMask = 2147483647;
			files = (
				A8B71D74297289880076F5B9 /* SwiftUI.framework in Frameworks */,
				A8B71D72297289880076F5B9 /* WidgetKit.framework in Frameworks */,
			);
			runOnlyForDeploymentPostprocessing = 0;
		};
/* End PBXFrameworksBuildPhase section */

/* Begin PBXGroup section */
		A8B71D512972890D0076F5B9 = {
			isa = PBXGroup;
			children = (
				A8B71D5C2972890D0076F5B9 /* RepoWatcher */,
				A8B71D75297289880076F5B9 /* RepoWatcherWidget */,
				A8B71D70297289880076F5B9 /* Frameworks */,
				A8B71D5B2972890D0076F5B9 /* Products */,
			);
			sourceTree = "<group>";
		};
		A8B71D5B2972890D0076F5B9 /* Products */ = {
			isa = PBXGroup;
			children = (
				A8B71D5A2972890D0076F5B9 /* RepoWatcher.app */,
				A8B71D6F297289880076F5B9 /* RepoWatcherWidgetExtension.appex */,
			);
			name = Products;
			sourceTree = "<group>";
		};
		A8B71D5C2972890D0076F5B9 /* RepoWatcher */ = {
			isa = PBXGroup;
			children = (
				A8B71D5D2972890D0076F5B9 /* RepoWatcherApp.swift */,
				A8B71D5F2972890D0076F5B9 /* ContentView.swift */,
				A8B71D842972912F0076F5B9 /* Repository.swift */,
				A8B71D61297289100076F5B9 /* Assets.xcassets */,
				A8B71D63297289100076F5B9 /* Preview Content */,
				A8B48A1029753CB700758143 /* NetworkManager.swift */,
			);
			path = RepoWatcher;
			sourceTree = "<group>";
		};
		A8B71D63297289100076F5B9 /* Preview Content */ = {
			isa = PBXGroup;
			children = (
				A8B71D64297289100076F5B9 /* Preview Assets.xcassets */,
			);
			path = "Preview Content";
			sourceTree = "<group>";
		};
		A8B71D70297289880076F5B9 /* Frameworks */ = {
			isa = PBXGroup;
			children = (
				A8B71D71297289880076F5B9 /* WidgetKit.framework */,
				A8B71D73297289880076F5B9 /* SwiftUI.framework */,
			);
			name = Frameworks;
			sourceTree = "<group>";
		};
		A8B71D75297289880076F5B9 /* RepoWatcherWidget */ = {
			isa = PBXGroup;
			children = (
				A8B71D76297289880076F5B9 /* RepoWatcherWidgetBundle.swift */,
				A8B71D78297289880076F5B9 /* RepoWatcherWidget.swift */,
				A878EDC02976784C004AFC18 /* MockData.swift */,
				A8B71D7A2972898C0076F5B9 /* Assets.xcassets */,
				A8B71D7C2972898C0076F5B9 /* Info.plist */,
				A8B48A1329754AD500758143 /* RepoMediumView.swift */,
			);
			path = RepoWatcherWidget;
			sourceTree = "<group>";
		};
/* End PBXGroup section */

/* Begin PBXNativeTarget section */
		A8B71D592972890D0076F5B9 /* RepoWatcher */ = {
			isa = PBXNativeTarget;
			buildConfigurationList = A8B71D68297289100076F5B9 /* Build configuration list for PBXNativeTarget "RepoWatcher" */;
			buildPhases = (
				A8B71D562972890D0076F5B9 /* Sources */,
				A8B71D572972890D0076F5B9 /* Frameworks */,
				A8B71D582972890D0076F5B9 /* Resources */,
				A8B71D832972898C0076F5B9 /* Embed Foundation Extensions */,
			);
			buildRules = (
			);
			dependencies = (
				A8B71D7E2972898C0076F5B9 /* PBXTargetDependency */,
			);
			name = RepoWatcher;
			productName = RepoWatcher;
			productReference = A8B71D5A2972890D0076F5B9 /* RepoWatcher.app */;
			productType = "com.apple.product-type.application";
		};
		A8B71D6E297289880076F5B9 /* RepoWatcherWidgetExtension */ = {
			isa = PBXNativeTarget;
			buildConfigurationList = A8B71D802972898C0076F5B9 /* Build configuration list for PBXNativeTarget "RepoWatcherWidgetExtension" */;
			buildPhases = (
				A8B71D6B297289880076F5B9 /* Sources */,
				A8B71D6C297289880076F5B9 /* Frameworks */,
				A8B71D6D297289880076F5B9 /* Resources */,
			);
			buildRules = (
			);
			dependencies = (
			);
			name = RepoWatcherWidgetExtension;
			productName = RepoWatcherWidgetExtension;
			productReference = A8B71D6F297289880076F5B9 /* RepoWatcherWidgetExtension.appex */;
			productType = "com.apple.product-type.app-extension";
		};
/* End PBXNativeTarget section */

/* Begin PBXProject section */
		A8B71D522972890D0076F5B9 /* Project object */ = {
			isa = PBXProject;
			attributes = {
				BuildIndependentTargetsInParallel = 1;
				LastSwiftUpdateCheck = 1410;
				LastUpgradeCheck = 1410;
				TargetAttributes = {
					A8B71D592972890D0076F5B9 = {
						CreatedOnToolsVersion = 14.1;
					};
					A8B71D6E297289880076F5B9 = {
						CreatedOnToolsVersion = 14.1;
					};
				};
			};
			buildConfigurationList = A8B71D552972890D0076F5B9 /* Build configuration list for PBXProject "RepoWatcher" */;
			compatibilityVersion = "Xcode 14.0";
			developmentRegion = en;
			hasScannedForEncodings = 0;
			knownRegions = (
				en,
				Base,
			);
			mainGroup = A8B71D512972890D0076F5B9;
			productRefGroup = A8B71D5B2972890D0076F5B9 /* Products */;
			projectDirPath = "";
			projectRoot = "";
			targets = (
				A8B71D592972890D0076F5B9 /* RepoWatcher */,
				A8B71D6E297289880076F5B9 /* RepoWatcherWidgetExtension */,
			);
		};
/* End PBXProject section */

/* Begin PBXResourcesBuildPhase section */
		A8B71D582972890D0076F5B9 /* Resources */ = {
			isa = PBXResourcesBuildPhase;
			buildActionMask = 2147483647;
			files = (
				A8B71D65297289100076F5B9 /* Preview Assets.xcassets in Resources */,
				A8B71D62297289100076F5B9 /* Assets.xcassets in Resources */,
			);
			runOnlyForDeploymentPostprocessing = 0;
		};
		A8B71D6D297289880076F5B9 /* Resources */ = {
			isa = PBXResourcesBuildPhase;
			buildActionMask = 2147483647;
			files = (
				A8B71D7B2972898C0076F5B9 /* Assets.xcassets in Resources */,
			);
			runOnlyForDeploymentPostprocessing = 0;
		};
/* End PBXResourcesBuildPhase section */

/* Begin PBXSourcesBuildPhase section */
		A8B71D562972890D0076F5B9 /* Sources */ = {
			isa = PBXSourcesBuildPhase;
			buildActionMask = 2147483647;
			files = (
				A8B48A1129753CB700758143 /* NetworkManager.swift in Sources */,
				A8B71D602972890D0076F5B9 /* ContentView.swift in Sources */,
				A8B71D5E2972890D0076F5B9 /* RepoWatcherApp.swift in Sources */,
				A8B71D852972912F0076F5B9 /* Repository.swift in Sources */,
			);
			runOnlyForDeploymentPostprocessing = 0;
		};
		A8B71D6B297289880076F5B9 /* Sources */ = {
			isa = PBXSourcesBuildPhase;
			buildActionMask = 2147483647;
			files = (
				A8B48A1229753CBC00758143 /* NetworkManager.swift in Sources */,
				A878EDC12976784C004AFC18 /* MockData.swift in Sources */,
				A8B48A1429754AD500758143 /* RepoMediumView.swift in Sources */,
				A8B71D79297289880076F5B9 /* RepoWatcherWidget.swift in Sources */,
				A8B71D77297289880076F5B9 /* RepoWatcherWidgetBundle.swift in Sources */,
				A8B71D87297293D10076F5B9 /* Repository.swift in Sources */,
			);
			runOnlyForDeploymentPostprocessing = 0;
		};
/* End PBXSourcesBuildPhase section */

/* Begin PBXTargetDependency section */
		A8B71D7E2972898C0076F5B9 /* PBXTargetDependency */ = {
			isa = PBXTargetDependency;
			target = A8B71D6E297289880076F5B9 /* RepoWatcherWidgetExtension */;
			targetProxy = A8B71D7D2972898C0076F5B9 /* PBXContainerItemProxy */;
		};
/* End PBXTargetDependency section */

/* Begin XCBuildConfiguration section */
		A8B71D66297289100076F5B9 /* Debug */ = {
			isa = XCBuildConfiguration;
			buildSettings = {
				ALWAYS_SEARCH_USER_PATHS = NO;
				CLANG_ANALYZER_NONNULL = YES;
				CLANG_ANALYZER_NUMBER_OBJECT_CONVERSION = YES_AGGRESSIVE;
				CLANG_CXX_LANGUAGE_STANDARD = "gnu++20";
				CLANG_ENABLE_MODULES = YES;
				CLANG_ENABLE_OBJC_ARC = YES;
				CLANG_ENABLE_OBJC_WEAK = YES;
				CLANG_WARN_BLOCK_CAPTURE_AUTORELEASING = YES;
				CLANG_WARN_BOOL_CONVERSION = YES;
				CLANG_WARN_COMMA = YES;
				CLANG_WARN_CONSTANT_CONVERSION = YES;
				CLANG_WARN_DEPRECATED_OBJC_IMPLEMENTATIONS = YES;
				CLANG_WARN_DIRECT_OBJC_ISA_USAGE = YES_ERROR;
				CLANG_WARN_DOCUMENTATION_COMMENTS = YES;
				CLANG_WARN_EMPTY_BODY = YES;
				CLANG_WARN_ENUM_CONVERSION = YES;
				CLANG_WARN_INFINITE_RECURSION = YES;
				CLANG_WARN_INT_CONVERSION = YES;
				CLANG_WARN_NON_LITERAL_NULL_CONVERSION = YES;
				CLANG_WARN_OBJC_IMPLICIT_RETAIN_SELF = YES;
				CLANG_WARN_OBJC_LITERAL_CONVERSION = YES;
				CLANG_WARN_OBJC_ROOT_CLASS = YES_ERROR;
				CLANG_WARN_QUOTED_INCLUDE_IN_FRAMEWORK_HEADER = YES;
				CLANG_WARN_RANGE_LOOP_ANALYSIS = YES;
				CLANG_WARN_STRICT_PROTOTYPES = YES;
				CLANG_WARN_SUSPICIOUS_MOVE = YES;
				CLANG_WARN_UNGUARDED_AVAILABILITY = YES_AGGRESSIVE;
				CLANG_WARN_UNREACHABLE_CODE = YES;
				CLANG_WARN__DUPLICATE_METHOD_MATCH = YES;
				COPY_PHASE_STRIP = NO;
				DEBUG_INFORMATION_FORMAT = dwarf;
				ENABLE_STRICT_OBJC_MSGSEND = YES;
				ENABLE_TESTABILITY = YES;
				GCC_C_LANGUAGE_STANDARD = gnu11;
				GCC_DYNAMIC_NO_PIC = NO;
				GCC_NO_COMMON_BLOCKS = YES;
				GCC_OPTIMIZATION_LEVEL = 0;
				GCC_PREPROCESSOR_DEFINITIONS = (
					"DEBUG=1",
					"$(inherited)",
				);
				GCC_WARN_64_TO_32_BIT_CONVERSION = YES;
				GCC_WARN_ABOUT_RETURN_TYPE = YES_ERROR;
				GCC_WARN_UNDECLARED_SELECTOR = YES;
				GCC_WARN_UNINITIALIZED_AUTOS = YES_AGGRESSIVE;
				GCC_WARN_UNUSED_FUNCTION = YES;
				GCC_WARN_UNUSED_VARIABLE = YES;
				IPHONEOS_DEPLOYMENT_TARGET = 16.1;
				MTL_ENABLE_DEBUG_INFO = INCLUDE_SOURCE;
				MTL_FAST_MATH = YES;
				ONLY_ACTIVE_ARCH = YES;
				SDKROOT = iphoneos;
				SWIFT_ACTIVE_COMPILATION_CONDITIONS = DEBUG;
				SWIFT_OPTIMIZATION_LEVEL = "-Onone";
			};
			name = Debug;
		};
		A8B71D67297289100076F5B9 /* Release */ = {
			isa = XCBuildConfiguration;
			buildSettings = {
				ALWAYS_SEARCH_USER_PATHS = NO;
				CLANG_ANALYZER_NONNULL = YES;
				CLANG_ANALYZER_NUMBER_OBJECT_CONVERSION = YES_AGGRESSIVE;
				CLANG_CXX_LANGUAGE_STANDARD = "gnu++20";
				CLANG_ENABLE_MODULES = YES;
				CLANG_ENABLE_OBJC_ARC = YES;
				CLANG_ENABLE_OBJC_WEAK = YES;
				CLANG_WARN_BLOCK_CAPTURE_AUTORELEASING = YES;
				CLANG_WARN_BOOL_CONVERSION = YES;
				CLANG_WARN_COMMA = YES;
				CLANG_WARN_CONSTANT_CONVERSION = YES;
				CLANG_WARN_DEPRECATED_OBJC_IMPLEMENTATIONS = YES;
				CLANG_WARN_DIRECT_OBJC_ISA_USAGE = YES_ERROR;
				CLANG_WARN_DOCUMENTATION_COMMENTS = YES;
				CLANG_WARN_EMPTY_BODY = YES;
				CLANG_WARN_ENUM_CONVERSION = YES;
				CLANG_WARN_INFINITE_RECURSION = YES;
				CLANG_WARN_INT_CONVERSION = YES;
				CLANG_WARN_NON_LITERAL_NULL_CONVERSION = YES;
				CLANG_WARN_OBJC_IMPLICIT_RETAIN_SELF = YES;
				CLANG_WARN_OBJC_LITERAL_CONVERSION = YES;
				CLANG_WARN_OBJC_ROOT_CLASS = YES_ERROR;
				CLANG_WARN_QUOTED_INCLUDE_IN_FRAMEWORK_HEADER = YES;
				CLANG_WARN_RANGE_LOOP_ANALYSIS = YES;
				CLANG_WARN_STRICT_PROTOTYPES = YES;
				CLANG_WARN_SUSPICIOUS_MOVE = YES;
				CLANG_WARN_UNGUARDED_AVAILABILITY = YES_AGGRESSIVE;
				CLANG_WARN_UNREACHABLE_CODE = YES;
				CLANG_WARN__DUPLICATE_METHOD_MATCH = YES;
				COPY_PHASE_STRIP = NO;
				DEBUG_INFORMATION_FORMAT = "dwarf-with-dsym";
				ENABLE_NS_ASSERTIONS = NO;
				ENABLE_STRICT_OBJC_MSGSEND = YES;
				GCC_C_LANGUAGE_STANDARD = gnu11;
				GCC_NO_COMMON_BLOCKS = YES;
				GCC_WARN_64_TO_32_BIT_CONVERSION = YES;
				GCC_WARN_ABOUT_RETURN_TYPE = YES_ERROR;
				GCC_WARN_UNDECLARED_SELECTOR = YES;
				GCC_WARN_UNINITIALIZED_AUTOS = YES_AGGRESSIVE;
				GCC_WARN_UNUSED_FUNCTION = YES;
				GCC_WARN_UNUSED_VARIABLE = YES;
				IPHONEOS_DEPLOYMENT_TARGET = 16.1;
				MTL_ENABLE_DEBUG_INFO = NO;
				MTL_FAST_MATH = YES;
				SDKROOT = iphoneos;
				SWIFT_COMPILATION_MODE = wholemodule;
				SWIFT_OPTIMIZATION_LEVEL = "-O";
				VALIDATE_PRODUCT = YES;
			};
			name = Release;
		};
		A8B71D69297289100076F5B9 /* Debug */ = {
			isa = XCBuildConfiguration;
			buildSettings = {
				ALWAYS_EMBED_SWIFT_STANDARD_LIBRARIES = YES;
				ASSETCATALOG_COMPILER_APPICON_NAME = AppIcon;
				ASSETCATALOG_COMPILER_GLOBAL_ACCENT_COLOR_NAME = AccentColor;
				CODE_SIGN_STYLE = Automatic;
				CURRENT_PROJECT_VERSION = 1;
				DEVELOPMENT_ASSET_PATHS = "\"RepoWatcher/Preview Content\"";
				DEVELOPMENT_TEAM = WV8G99LA38;
				ENABLE_PREVIEWS = YES;
				GENERATE_INFOPLIST_FILE = YES;
				INFOPLIST_KEY_UIApplicationSceneManifest_Generation = YES;
				INFOPLIST_KEY_UIApplicationSupportsIndirectInputEvents = YES;
				INFOPLIST_KEY_UILaunchScreen_Generation = YES;
				INFOPLIST_KEY_UISupportedInterfaceOrientations_iPad = "UIInterfaceOrientationPortrait UIInterfaceOrientationPortraitUpsideDown UIInterfaceOrientationLandscapeLeft UIInterfaceOrientationLandscapeRight";
				INFOPLIST_KEY_UISupportedInterfaceOrientations_iPhone = "UIInterfaceOrientationPortrait UIInterfaceOrientationLandscapeLeft UIInterfaceOrientationLandscapeRight";
				LD_RUNPATH_SEARCH_PATHS = (
					"$(inherited)",
					"@executable_path/Frameworks",
				);
				MARKETING_VERSION = 1.0;
				PRODUCT_BUNDLE_IDENTIFIER = NizamiDev.RepoWatcher;
				PRODUCT_NAME = "$(TARGET_NAME)";
				SWIFT_EMIT_LOC_STRINGS = YES;
				SWIFT_VERSION = 5.0;
				TARGETED_DEVICE_FAMILY = "1,2";
			};
			name = Debug;
		};
		A8B71D6A297289100076F5B9 /* Release */ = {
			isa = XCBuildConfiguration;
			buildSettings = {
				ALWAYS_EMBED_SWIFT_STANDARD_LIBRARIES = YES;
				ASSETCATALOG_COMPILER_APPICON_NAME = AppIcon;
				ASSETCATALOG_COMPILER_GLOBAL_ACCENT_COLOR_NAME = AccentColor;
				CODE_SIGN_STYLE = Automatic;
				CURRENT_PROJECT_VERSION = 1;
				DEVELOPMENT_ASSET_PATHS = "\"RepoWatcher/Preview Content\"";
				DEVELOPMENT_TEAM = WV8G99LA38;
				ENABLE_PREVIEWS = YES;
				GENERATE_INFOPLIST_FILE = YES;
				INFOPLIST_KEY_UIApplicationSceneManifest_Generation = YES;
				INFOPLIST_KEY_UIApplicationSupportsIndirectInputEvents = YES;
				INFOPLIST_KEY_UILaunchScreen_Generation = YES;
				INFOPLIST_KEY_UISupportedInterfaceOrientations_iPad = "UIInterfaceOrientationPortrait UIInterfaceOrientationPortraitUpsideDown UIInterfaceOrientationLandscapeLeft UIInterfaceOrientationLandscapeRight";
				INFOPLIST_KEY_UISupportedInterfaceOrientations_iPhone = "UIInterfaceOrientationPortrait UIInterfaceOrientationLandscapeLeft UIInterfaceOrientationLandscapeRight";
				LD_RUNPATH_SEARCH_PATHS = (
					"$(inherited)",
					"@executable_path/Frameworks",
				);
				MARKETING_VERSION = 1.0;
				PRODUCT_BUNDLE_IDENTIFIER = NizamiDev.RepoWatcher;
				PRODUCT_NAME = "$(TARGET_NAME)";
				SWIFT_EMIT_LOC_STRINGS = YES;
				SWIFT_VERSION = 5.0;
				TARGETED_DEVICE_FAMILY = "1,2";
			};
			name = Release;
		};
		A8B71D812972898C0076F5B9 /* Debug */ = {
			isa = XCBuildConfiguration;
			buildSettings = {
				ASSETCATALOG_COMPILER_GLOBAL_ACCENT_COLOR_NAME = AccentColor;
				ASSETCATALOG_COMPILER_WIDGET_BACKGROUND_COLOR_NAME = WidgetBackground;
				CODE_SIGN_STYLE = Automatic;
				CURRENT_PROJECT_VERSION = 1;
				DEVELOPMENT_TEAM = WV8G99LA38;
				GENERATE_INFOPLIST_FILE = YES;
				INFOPLIST_FILE = RepoWatcherWidget/Info.plist;
				INFOPLIST_KEY_CFBundleDisplayName = RepoWatcherWidget;
				INFOPLIST_KEY_NSHumanReadableCopyright = "";
				LD_RUNPATH_SEARCH_PATHS = (
					"$(inherited)",
					"@executable_path/Frameworks",
					"@executable_path/../../Frameworks",
				);
				MARKETING_VERSION = 1.0;
				PRODUCT_BUNDLE_IDENTIFIER = NizamiDev.RepoWatcher.RepoWatcherWidget;
				PRODUCT_NAME = "$(TARGET_NAME)";
				SKIP_INSTALL = YES;
				SWIFT_EMIT_LOC_STRINGS = YES;
				SWIFT_VERSION = 5.0;
				TARGETED_DEVICE_FAMILY = "1,2";
			};
			name = Debug;
		};
		A8B71D822972898C0076F5B9 /* Release */ = {
			isa = XCBuildConfiguration;
			buildSettings = {
				ASSETCATALOG_COMPILER_GLOBAL_ACCENT_COLOR_NAME = AccentColor;
				ASSETCATALOG_COMPILER_WIDGET_BACKGROUND_COLOR_NAME = WidgetBackground;
				CODE_SIGN_STYLE = Automatic;
				CURRENT_PROJECT_VERSION = 1;
				DEVELOPMENT_TEAM = WV8G99LA38;
				GENERATE_INFOPLIST_FILE = YES;
				INFOPLIST_FILE = RepoWatcherWidget/Info.plist;
				INFOPLIST_KEY_CFBundleDisplayName = RepoWatcherWidget;
				INFOPLIST_KEY_NSHumanReadableCopyright = "";
				LD_RUNPATH_SEARCH_PATHS = (
					"$(inherited)",
					"@executable_path/Frameworks",
					"@executable_path/../../Frameworks",
				);
				MARKETING_VERSION = 1.0;
				PRODUCT_BUNDLE_IDENTIFIER = NizamiDev.RepoWatcher.RepoWatcherWidget;
				PRODUCT_NAME = "$(TARGET_NAME)";
				SKIP_INSTALL = YES;
				SWIFT_EMIT_LOC_STRINGS = YES;
				SWIFT_VERSION = 5.0;
				TARGETED_DEVICE_FAMILY = "1,2";
			};
			name = Release;
		};
/* End XCBuildConfiguration section */

/* Begin XCConfigurationList section */
		A8B71D552972890D0076F5B9 /* Build configuration list for PBXProject "RepoWatcher" */ = {
			isa = XCConfigurationList;
			buildConfigurations = (
				A8B71D66297289100076F5B9 /* Debug */,
				A8B71D67297289100076F5B9 /* Release */,
			);
			defaultConfigurationIsVisible = 0;
			defaultConfigurationName = Release;
		};
		A8B71D68297289100076F5B9 /* Build configuration list for PBXNativeTarget "RepoWatcher" */ = {
			isa = XCConfigurationList;
			buildConfigurations = (
				A8B71D69297289100076F5B9 /* Debug */,
				A8B71D6A297289100076F5B9 /* Release */,
			);
			defaultConfigurationIsVisible = 0;
			defaultConfigurationName = Release;
		};
		A8B71D802972898C0076F5B9 /* Build configuration list for PBXNativeTarget "RepoWatcherWidgetExtension" */ = {
			isa = XCConfigurationList;
			buildConfigurations = (
				A8B71D812972898C0076F5B9 /* Debug */,
				A8B71D822972898C0076F5B9 /* Release */,
			);
			defaultConfigurationIsVisible = 0;
			defaultConfigurationName = Release;
		};
/* End XCConfigurationList section */
	};
	rootObject = A8B71D522972890D0076F5B9 /* Project object */;
}
